
Microsoft Visual Studio Solution File, Format Version 12.00
# Visual Studio Version 16
VisualStudioVersion = 16.0.31112.23
MinimumVisualStudioVersion = 10.0.40219.1
Project("{9A19103F-16F7-4668-BE54-9A1E7A4F7556}") = "Tinder1.API", "Tinder1.API.csproj", "{30282746-C82D-455E-9A10-CB44C3F9B044}"
EndProject
Global
	GlobalSection(SolutionConfigurationPlatforms) = preSolution
		Debug|Any CPU = Debug|Any CPU
		Release|Any CPU = Release|Any CPU
	EndGlobalSection
	GlobalSection(ProjectConfigurationPlatforms) = postSolution
		{30282746-C82D-455E-9A10-CB44C3F9B044}.Debug|Any CPU.ActiveCfg = Debug|Any CPU
		{30282746-C82D-455E-9A10-CB44C3F9B044}.Debug|Any CPU.Build.0 = Debug|Any CPU
		{30282746-C82D-455E-9A10-CB44C3F9B044}.Release|Any CPU.ActiveCfg = Release|Any CPU
		{30282746-C82D-455E-9A10-CB44C3F9B044}.Release|Any CPU.Build.0 = Release|Any CPU
	EndGlobalSection
	GlobalSection(SolutionProperties) = preSolution
		HideSolutionNode = FALSE
	EndGlobalSection
	GlobalSection(ExtensibilityGlobals) = postSolution
		SolutionGuid = {92393790-28B6-4CED-B9CB-B45AFD5A1ED0}
	EndGlobalSection
EndGlobal
